
Microsoft Visual Studio Solution File, Format Version 12.00
# Visual Studio Version 17
VisualStudioVersion = 17.4.33403.182
MinimumVisualStudioVersion = 10.0.40219.1
Project("{9A19103F-16F7-4668-BE54-9A1E7A4F7556}") = "PZ_01", "PZ_01\PZ_01.csproj", "{231B54A9-CB59-408A-A0C8-7FAC3294F97E}"
EndProject
Project("{9A19103F-16F7-4668-BE54-9A1E7A4F7556}") = "PZ_02", "PZ_02\PZ_02.csproj", "{249A52FE-06BA-4F1B-B120-817E942B9FB8}"
EndProject
Project("{9A19103F-16F7-4668-BE54-9A1E7A4F7556}") = "PZ_03", "PZ_03\PZ_03.csproj", "{9315B8BD-E3BD-4BB0-89B9-2DAE77E0A38E}"
EndProject
Project("{9A19103F-16F7-4668-BE54-9A1E7A4F7556}") = "PZ_04", "PZ_04\PZ_04.csproj", "{11D7E86F-37DE-4608-B64E-0F5B8CFC8DE8}"
EndProject
Project("{9A19103F-16F7-4668-BE54-9A1E7A4F7556}") = "PZ_05", "PZ_05\PZ_05.csproj", "{FD1CDEB5-0179-4E28-81D4-576144742F44}"
EndProject
Project("{9A19103F-16F7-4668-BE54-9A1E7A4F7556}") = "PZ_06", "PZ_06\PZ_06.csproj", "{4B9B06D7-53DC-4DED-819E-F36F164D0BE5}"
EndProject
Project("{9A19103F-16F7-4668-BE54-9A1E7A4F7556}") = "PZ_07", "PZ_07\PZ_07.csproj", "{6C58C5FA-78FD-45EB-9F95-BC7F773BC2CF}"
EndProject
Project("{9A19103F-16F7-4668-BE54-9A1E7A4F7556}") = "PZ_08", "PZ_08\PZ_08.csproj", "{D4ED93BB-0F36-4F2E-A9CE-D95C801033C2}"
EndProject
Project("{9A19103F-16F7-4668-BE54-9A1E7A4F7556}") = "PZ_10", "PZ_10\PZ_10.csproj", "{48728BB8-2875-4460-BC14-A87391572D40}"
EndProject
Project("{9A19103F-16F7-4668-BE54-9A1E7A4F7556}") = "PZ_11", "PZ_11\PZ_11.csproj", "{ED560B1F-35A3-46D7-A461-9FA09A29E48B}"
EndProject
Project("{FAE04EC0-301F-11D3-BF4B-00C04F79EFBC}") = "PZ_12", "PZ_12\PZ_12.csproj", "{295BDE86-B241-44F4-81AE-09C6013F642D}"
EndProject
Global
	GlobalSection(SolutionConfigurationPlatforms) = preSolution
		Debug|Any CPU = Debug|Any CPU
		Release|Any CPU = Release|Any CPU
	EndGlobalSection
	GlobalSection(ProjectConfigurationPlatforms) = postSolution
		{231B54A9-CB59-408A-A0C8-7FAC3294F97E}.Debug|Any CPU.ActiveCfg = Debug|Any CPU
		{231B54A9-CB59-408A-A0C8-7FAC3294F97E}.Debug|Any CPU.Build.0 = Debug|Any CPU
		{231B54A9-CB59-408A-A0C8-7FAC3294F97E}.Release|Any CPU.ActiveCfg = Release|Any CPU
		{231B54A9-CB59-408A-A0C8-7FAC3294F97E}.Release|Any CPU.Build.0 = Release|Any CPU
		{249A52FE-06BA-4F1B-B120-817E942B9FB8}.Debug|Any CPU.ActiveCfg = Debug|Any CPU
		{249A52FE-06BA-4F1B-B120-817E942B9FB8}.Debug|Any CPU.Build.0 = Debug|Any CPU
		{249A52FE-06BA-4F1B-B120-817E942B9FB8}.Release|Any CPU.ActiveCfg = Release|Any CPU
		{249A52FE-06BA-4F1B-B120-817E942B9FB8}.Release|Any CPU.Build.0 = Release|Any CPU
		{9315B8BD-E3BD-4BB0-89B9-2DAE77E0A38E}.Debug|Any CPU.ActiveCfg = Debug|Any CPU
		{9315B8BD-E3BD-4BB0-89B9-2DAE77E0A38E}.Debug|Any CPU.Build.0 = Debug|Any CPU
		{9315B8BD-E3BD-4BB0-89B9-2DAE77E0A38E}.Release|Any CPU.ActiveCfg = Release|Any CPU
		{9315B8BD-E3BD-4BB0-89B9-2DAE77E0A38E}.Release|Any CPU.Build.0 = Release|Any CPU
		{11D7E86F-37DE-4608-B64E-0F5B8CFC8DE8}.Debug|Any CPU.ActiveCfg = Debug|Any CPU
		{11D7E86F-37DE-4608-B64E-0F5B8CFC8DE8}.Debug|Any CPU.Build.0 = Debug|Any CPU
		{11D7E86F-37DE-4608-B64E-0F5B8CFC8DE8}.Release|Any CPU.ActiveCfg = Release|Any CPU
		{11D7E86F-37DE-4608-B64E-0F5B8CFC8DE8}.Release|Any CPU.Build.0 = Release|Any CPU
		{FD1CDEB5-0179-4E28-81D4-576144742F44}.Debug|Any CPU.ActiveCfg = Debug|Any CPU
		{FD1CDEB5-0179-4E28-81D4-576144742F44}.Debug|Any CPU.Build.0 = Debug|Any CPU
		{FD1CDEB5-0179-4E28-81D4-576144742F44}.Release|Any CPU.ActiveCfg = Release|Any CPU
		{FD1CDEB5-0179-4E28-81D4-576144742F44}.Release|Any CPU.Build.0 = Release|Any CPU
		{4B9B06D7-53DC-4DED-819E-F36F164D0BE5}.Debug|Any CPU.ActiveCfg = Debug|Any CPU
		{4B9B06D7-53DC-4DED-819E-F36F164D0BE5}.Debug|Any CPU.Build.0 = Debug|Any CPU
		{4B9B06D7-53DC-4DED-819E-F36F164D0BE5}.Release|Any CPU.ActiveCfg = Release|Any CPU
		{4B9B06D7-53DC-4DED-819E-F36F164D0BE5}.Release|Any CPU.Build.0 = Release|Any CPU
		{6C58C5FA-78FD-45EB-9F95-BC7F773BC2CF}.Debug|Any CPU.ActiveCfg = Debug|Any CPU
		{6C58C5FA-78FD-45EB-9F95-BC7F773BC2CF}.Debug|Any CPU.Build.0 = Debug|Any CPU
		{6C58C5FA-78FD-45EB-9F95-BC7F773BC2CF}.Release|Any CPU.ActiveCfg = Release|Any CPU
		{6C58C5FA-78FD-45EB-9F95-BC7F773BC2CF}.Release|Any CPU.Build.0 = Release|Any CPU
		{D4ED93BB-0F36-4F2E-A9CE-D95C801033C2}.Debug|Any CPU.ActiveCfg = Debug|Any CPU
		{D4ED93BB-0F36-4F2E-A9CE-D95C801033C2}.Debug|Any CPU.Build.0 = Debug|Any CPU
		{D4ED93BB-0F36-4F2E-A9CE-D95C801033C2}.Release|Any CPU.ActiveCfg = Release|Any CPU
		{D4ED93BB-0F36-4F2E-A9CE-D95C801033C2}.Release|Any CPU.Build.0 = Release|Any CPU
		{48728BB8-2875-4460-BC14-A87391572D40}.Debug|Any CPU.ActiveCfg = Debug|Any CPU
		{48728BB8-2875-4460-BC14-A87391572D40}.Debug|Any CPU.Build.0 = Debug|Any CPU
		{48728BB8-2875-4460-BC14-A87391572D40}.Release|Any CPU.ActiveCfg = Release|Any CPU
		{48728BB8-2875-4460-BC14-A87391572D40}.Release|Any CPU.Build.0 = Release|Any CPU
		{ED560B1F-35A3-46D7-A461-9FA09A29E48B}.Debug|Any CPU.ActiveCfg = Debug|Any CPU
		{ED560B1F-35A3-46D7-A461-9FA09A29E48B}.Debug|Any CPU.Build.0 = Debug|Any CPU
		{ED560B1F-35A3-46D7-A461-9FA09A29E48B}.Release|Any CPU.ActiveCfg = Release|Any CPU
		{ED560B1F-35A3-46D7-A461-9FA09A29E48B}.Release|Any CPU.Build.0 = Release|Any CPU
		{295BDE86-B241-44F4-81AE-09C6013F642D}.Debug|Any CPU.ActiveCfg = Debug|Any CPU
		{295BDE86-B241-44F4-81AE-09C6013F642D}.Debug|Any CPU.Build.0 = Debug|Any CPU
		{295BDE86-B241-44F4-81AE-09C6013F642D}.Release|Any CPU.ActiveCfg = Release|Any CPU
		{295BDE86-B241-44F4-81AE-09C6013F642D}.Release|Any CPU.Build.0 = Release|Any CPU
	EndGlobalSection
	GlobalSection(SolutionProperties) = preSolution
		HideSolutionNode = FALSE
	EndGlobalSection
	GlobalSection(ExtensibilityGlobals) = postSolution
		SolutionGuid = {82C5C247-62A8-4EED-AB1A-FA5C6FB522F8}
	EndGlobalSection
EndGlobal
