
Microsoft Visual Studio Solution File, Format Version 12.00
# Visual Studio Version 17
VisualStudioVersion = 17.7.34031.279
MinimumVisualStudioVersion = 10.0.40219.1
Project("{FAE04EC0-301F-11D3-BF4B-00C04F79EFBC}") = "PZ_09", "PZ_09.csproj", "{601E0138-C911-4771-AAFA-3783B4648BE8}"
EndProject
Global
	GlobalSection(SolutionConfigurationPlatforms) = preSolution
		Debug|Any CPU = Debug|Any CPU
		Release|Any CPU = Release|Any CPU
	EndGlobalSection
	GlobalSection(ProjectConfigurationPlatforms) = postSolution
		{601E0138-C911-4771-AAFA-3783B4648BE8}.Debug|Any CPU.ActiveCfg = Debug|Any CPU
		{601E0138-C911-4771-AAFA-3783B4648BE8}.Debug|Any CPU.Build.0 = Debug|Any CPU
		{601E0138-C911-4771-AAFA-3783B4648BE8}.Release|Any CPU.ActiveCfg = Release|Any CPU
		{601E0138-C911-4771-AAFA-3783B4648BE8}.Release|Any CPU.Build.0 = Release|Any CPU
	EndGlobalSection
	GlobalSection(SolutionProperties) = preSolution
		HideSolutionNode = FALSE
	EndGlobalSection
	GlobalSection(ExtensibilityGlobals) = postSolution
		SolutionGuid = {CE3454C8-6C34-4C2A-AB2E-9BB72A7617FB}
	EndGlobalSection
EndGlobal
